
Microsoft Visual Studio Solution File, Format Version 12.00
# Visual Studio Version 17
VisualStudioVersion = 17.9.34723.18
MinimumVisualStudioVersion = 10.0.40219.1
Project("{FAE04EC0-301F-11D3-BF4B-00C04F79EFBC}") = "SudokuSolverTests", "SudokuSolverTests\SudokuSolverTests.csproj", "{10C0DB8B-9C2A-481F-9E6E-F506F133BC86}"
	ProjectSection(ProjectDependencies) = postProject
		{105DB0D1-D1B7-4FF3-B8C9-702B4265B3B5} = {105DB0D1-D1B7-4FF3-B8C9-702B4265B3B5}
	EndProjectSection
EndProject
Project("{FAE04EC0-301F-11D3-BF4B-00C04F79EFBC}") = "SudokuSolverCore", "SudokuSolverCore\SudokuSolverCore.csproj", "{105DB0D1-D1B7-4FF3-B8C9-702B4265B3B5}"
EndProject
Global
	GlobalSection(SolutionConfigurationPlatforms) = preSolution
		Debug|Any CPU = Debug|Any CPU
		Release|Any CPU = Release|Any CPU
	EndGlobalSection
	GlobalSection(ProjectConfigurationPlatforms) = postSolution
		{10C0DB8B-9C2A-481F-9E6E-F506F133BC86}.Debug|Any CPU.ActiveCfg = Debug|Any CPU
		{10C0DB8B-9C2A-481F-9E6E-F506F133BC86}.Debug|Any CPU.Build.0 = Debug|Any CPU
		{10C0DB8B-9C2A-481F-9E6E-F506F133BC86}.Release|Any CPU.ActiveCfg = Release|Any CPU
		{10C0DB8B-9C2A-481F-9E6E-F506F133BC86}.Release|Any CPU.Build.0 = Release|Any CPU
		{105DB0D1-D1B7-4FF3-B8C9-702B4265B3B5}.Debug|Any CPU.ActiveCfg = Debug|Any CPU
		{105DB0D1-D1B7-4FF3-B8C9-702B4265B3B5}.Debug|Any CPU.Build.0 = Debug|Any CPU
		{105DB0D1-D1B7-4FF3-B8C9-702B4265B3B5}.Release|Any CPU.ActiveCfg = Release|Any CPU
		{105DB0D1-D1B7-4FF3-B8C9-702B4265B3B5}.Release|Any CPU.Build.0 = Release|Any CPU
	EndGlobalSection
	GlobalSection(SolutionProperties) = preSolution
		HideSolutionNode = FALSE
	EndGlobalSection
	GlobalSection(ExtensibilityGlobals) = postSolution
		SolutionGuid = {478DDD3D-B093-4928-9D26-228B0A986815}
	EndGlobalSection
EndGlobal
